
Microsoft Visual Studio Solution File, Format Version 12.00
# Visual Studio 15
VisualStudioVersion = 15.0.26430.12
MinimumVisualStudioVersion = 10.0.40219.1
Project("{FAE04EC0-301F-11D3-BF4B-00C04F79EFBC}") = "Metasequoia 4 Action NOUI", "Metasequoia 4 Action NOUI\Metasequoia 4 Action NOUI.csproj", "{227535E1-0FED-4379-AF30-E2BB40D48CA6}"
EndProject
Project("{FAE04EC0-301F-11D3-BF4B-00C04F79EFBC}") = "Metasequoia 4 CS2Bin", "Metasequoia 4 CS2Bin\Metasequoia 4 CS2Bin.csproj", "{87BFCABA-7A2C-4689-B2E7-4265FFB5A257}"
EndProject
Project("{FAE04EC0-301F-11D3-BF4B-00C04F79EFBC}") = "Metasequoia 4 GenRegNum", "Metasequoia 4 GenRegNum\Metasequoia 4 GenRegNum.csproj", "{AC828B28-9BE9-465D-8D47-2FB0DC4BA06E}"
EndProject
Project("{FAE04EC0-301F-11D3-BF4B-00C04F79EFBC}") = "Metasequoia 4 RegNumber UI", "Metasequoia 4 RegNumber UI\Metasequoia 4 RegNumber UI.csproj", "{F9F5DE9B-DBA6-4A2F-9B27-66C7286337B4}"
EndProject
Project("{FAE04EC0-301F-11D3-BF4B-00C04F79EFBC}") = "AnalysisReadMqo", "AnalysisReadMqo\AnalysisReadMqo.csproj", "{8A37F611-47B2-4FDA-8E86-A0C16ED2E854}"
EndProject
Global
	GlobalSection(SolutionConfigurationPlatforms) = preSolution
		Debug|Any CPU = Debug|Any CPU
		Debug|x64 = Debug|x64
		Debug|x86 = Debug|x86
		Release|Any CPU = Release|Any CPU
		Release|x64 = Release|x64
		Release|x86 = Release|x86
	EndGlobalSection
	GlobalSection(ProjectConfigurationPlatforms) = postSolution
		{227535E1-0FED-4379-AF30-E2BB40D48CA6}.Debug|Any CPU.ActiveCfg = Debug|x86
		{227535E1-0FED-4379-AF30-E2BB40D48CA6}.Debug|x64.ActiveCfg = Debug|x86
		{227535E1-0FED-4379-AF30-E2BB40D48CA6}.Debug|x86.ActiveCfg = Debug|x86
		{227535E1-0FED-4379-AF30-E2BB40D48CA6}.Debug|x86.Build.0 = Debug|x86
		{227535E1-0FED-4379-AF30-E2BB40D48CA6}.Release|Any CPU.ActiveCfg = Release|x86
		{227535E1-0FED-4379-AF30-E2BB40D48CA6}.Release|x64.ActiveCfg = Release|x86
		{227535E1-0FED-4379-AF30-E2BB40D48CA6}.Release|x86.ActiveCfg = Release|x86
		{227535E1-0FED-4379-AF30-E2BB40D48CA6}.Release|x86.Build.0 = Release|x86
		{87BFCABA-7A2C-4689-B2E7-4265FFB5A257}.Debug|Any CPU.ActiveCfg = Debug|x86
		{87BFCABA-7A2C-4689-B2E7-4265FFB5A257}.Debug|x64.ActiveCfg = Debug|x86
		{87BFCABA-7A2C-4689-B2E7-4265FFB5A257}.Debug|x86.ActiveCfg = Debug|x86
		{87BFCABA-7A2C-4689-B2E7-4265FFB5A257}.Debug|x86.Build.0 = Debug|x86
		{87BFCABA-7A2C-4689-B2E7-4265FFB5A257}.Release|Any CPU.ActiveCfg = Release|x86
		{87BFCABA-7A2C-4689-B2E7-4265FFB5A257}.Release|x64.ActiveCfg = Release|x86
		{87BFCABA-7A2C-4689-B2E7-4265FFB5A257}.Release|x86.ActiveCfg = Release|x86
		{87BFCABA-7A2C-4689-B2E7-4265FFB5A257}.Release|x86.Build.0 = Release|x86
		{AC828B28-9BE9-465D-8D47-2FB0DC4BA06E}.Debug|Any CPU.ActiveCfg = Debug|x86
		{AC828B28-9BE9-465D-8D47-2FB0DC4BA06E}.Debug|x64.ActiveCfg = Debug|x86
		{AC828B28-9BE9-465D-8D47-2FB0DC4BA06E}.Debug|x86.ActiveCfg = Debug|x86
		{AC828B28-9BE9-465D-8D47-2FB0DC4BA06E}.Debug|x86.Build.0 = Debug|x86
		{AC828B28-9BE9-465D-8D47-2FB0DC4BA06E}.Release|Any CPU.ActiveCfg = Release|x86
		{AC828B28-9BE9-465D-8D47-2FB0DC4BA06E}.Release|x64.ActiveCfg = Release|x86
		{AC828B28-9BE9-465D-8D47-2FB0DC4BA06E}.Release|x86.ActiveCfg = Release|x86
		{AC828B28-9BE9-465D-8D47-2FB0DC4BA06E}.Release|x86.Build.0 = Release|x86
		{F9F5DE9B-DBA6-4A2F-9B27-66C7286337B4}.Debug|Any CPU.ActiveCfg = Debug|Any CPU
		{F9F5DE9B-DBA6-4A2F-9B27-66C7286337B4}.Debug|Any CPU.Build.0 = Debug|Any CPU
		{F9F5DE9B-DBA6-4A2F-9B27-66C7286337B4}.Debug|x64.ActiveCfg = Debug|Any CPU
		{F9F5DE9B-DBA6-4A2F-9B27-66C7286337B4}.Debug|x64.Build.0 = Debug|Any CPU
		{F9F5DE9B-DBA6-4A2F-9B27-66C7286337B4}.Debug|x86.ActiveCfg = Debug|Any CPU
		{F9F5DE9B-DBA6-4A2F-9B27-66C7286337B4}.Debug|x86.Build.0 = Debug|Any CPU
		{F9F5DE9B-DBA6-4A2F-9B27-66C7286337B4}.Release|Any CPU.ActiveCfg = Release|Any CPU
		{F9F5DE9B-DBA6-4A2F-9B27-66C7286337B4}.Release|Any CPU.Build.0 = Release|Any CPU
		{F9F5DE9B-DBA6-4A2F-9B27-66C7286337B4}.Release|x64.ActiveCfg = Release|Any CPU
		{F9F5DE9B-DBA6-4A2F-9B27-66C7286337B4}.Release|x64.Build.0 = Release|Any CPU
		{F9F5DE9B-DBA6-4A2F-9B27-66C7286337B4}.Release|x86.ActiveCfg = Release|Any CPU
		{F9F5DE9B-DBA6-4A2F-9B27-66C7286337B4}.Release|x86.Build.0 = Release|Any CPU
		{8A37F611-47B2-4FDA-8E86-A0C16ED2E854}.Debug|Any CPU.ActiveCfg = Debug|Any CPU
		{8A37F611-47B2-4FDA-8E86-A0C16ED2E854}.Debug|Any CPU.Build.0 = Debug|Any CPU
		{8A37F611-47B2-4FDA-8E86-A0C16ED2E854}.Debug|x64.ActiveCfg = Debug|Any CPU
		{8A37F611-47B2-4FDA-8E86-A0C16ED2E854}.Debug|x64.Build.0 = Debug|Any CPU
		{8A37F611-47B2-4FDA-8E86-A0C16ED2E854}.Debug|x86.ActiveCfg = Debug|Any CPU
		{8A37F611-47B2-4FDA-8E86-A0C16ED2E854}.Debug|x86.Build.0 = Debug|Any CPU
		{8A37F611-47B2-4FDA-8E86-A0C16ED2E854}.Release|Any CPU.ActiveCfg = Release|Any CPU
		{8A37F611-47B2-4FDA-8E86-A0C16ED2E854}.Release|Any CPU.Build.0 = Release|Any CPU
		{8A37F611-47B2-4FDA-8E86-A0C16ED2E854}.Release|x64.ActiveCfg = Release|Any CPU
		{8A37F611-47B2-4FDA-8E86-A0C16ED2E854}.Release|x64.Build.0 = Release|Any CPU
		{8A37F611-47B2-4FDA-8E86-A0C16ED2E854}.Release|x86.ActiveCfg = Release|Any CPU
		{8A37F611-47B2-4FDA-8E86-A0C16ED2E854}.Release|x86.Build.0 = Release|Any CPU
	EndGlobalSection
	GlobalSection(SolutionProperties) = preSolution
		HideSolutionNode = FALSE
	EndGlobalSection
EndGlobal
